
Microsoft Visual Studio Solution File, Format Version 12.00
# Visual Studio Version 17
VisualStudioVersion = 17.9.34701.34
MinimumVisualStudioVersion = 10.0.40219.1
Project("{9A19103F-16F7-4668-BE54-9A1E7A4F7556}") = "VsLocalizedIntellisense.Raw", "VsLocalizedIntellisense.Raw\VsLocalizedIntellisense.Raw.csproj", "{83FAE5B5-051C-4EDA-9AB7-D92EBE5CCC38}"
EndProject
Project("{9A19103F-16F7-4668-BE54-9A1E7A4F7556}") = "VsLocalizedIntellisense.Raw.Test", "VsLocalizedIntellisense.Raw.Test\VsLocalizedIntellisense.Raw.Test.csproj", "{9C577157-D246-449C-8919-0B389F6910E9}"
EndProject
Global
	GlobalSection(SolutionConfigurationPlatforms) = preSolution
		Debug|x64 = Debug|x64
		Release|x64 = Release|x64
	EndGlobalSection
	GlobalSection(ProjectConfigurationPlatforms) = postSolution
		{83FAE5B5-051C-4EDA-9AB7-D92EBE5CCC38}.Debug|x64.ActiveCfg = Debug|x64
		{83FAE5B5-051C-4EDA-9AB7-D92EBE5CCC38}.Debug|x64.Build.0 = Debug|x64
		{83FAE5B5-051C-4EDA-9AB7-D92EBE5CCC38}.Release|x64.ActiveCfg = Release|x64
		{83FAE5B5-051C-4EDA-9AB7-D92EBE5CCC38}.Release|x64.Build.0 = Release|x64
		{9C577157-D246-449C-8919-0B389F6910E9}.Debug|x64.ActiveCfg = Debug|x64
		{9C577157-D246-449C-8919-0B389F6910E9}.Debug|x64.Build.0 = Debug|x64
		{9C577157-D246-449C-8919-0B389F6910E9}.Release|x64.ActiveCfg = Release|x64
		{9C577157-D246-449C-8919-0B389F6910E9}.Release|x64.Build.0 = Release|x64
	EndGlobalSection
	GlobalSection(SolutionProperties) = preSolution
		HideSolutionNode = FALSE
	EndGlobalSection
	GlobalSection(ExtensibilityGlobals) = postSolution
		SolutionGuid = {A09A6759-B806-49B9-A526-8BE01767979F}
	EndGlobalSection
EndGlobal
