
Microsoft Visual Studio Solution File, Format Version 12.00
# Visual Studio Version 17
VisualStudioVersion = 17.9.34723.18
MinimumVisualStudioVersion = 10.0.40219.1
Project("{9A19103F-16F7-4668-BE54-9A1E7A4F7556}") = "VsLocalizedIntellisense.Xml", "VsLocalizedIntellisense.Xml\VsLocalizedIntellisense.Xml.csproj", "{B629847C-BB5A-4644-B706-BAD24F8E6CC9}"
EndProject
Project("{FAE04EC0-301F-11D3-BF4B-00C04F79EFBC}") = "VsLocalizedIntellisense.Xml.Test", "VsLocalizedIntellisense.Xml.Test\VsLocalizedIntellisense.Xml.Test.csproj", "{B94EB3BC-7E89-4D44-911C-6CA0393CC927}"
EndProject
Global
	GlobalSection(SolutionConfigurationPlatforms) = preSolution
		Debug|x64 = Debug|x64
		Release|x64 = Release|x64
	EndGlobalSection
	GlobalSection(ProjectConfigurationPlatforms) = postSolution
		{B629847C-BB5A-4644-B706-BAD24F8E6CC9}.Debug|x64.ActiveCfg = Debug|x64
		{B629847C-BB5A-4644-B706-BAD24F8E6CC9}.Debug|x64.Build.0 = Debug|x64
		{B629847C-BB5A-4644-B706-BAD24F8E6CC9}.Release|x64.ActiveCfg = Release|x64
		{B629847C-BB5A-4644-B706-BAD24F8E6CC9}.Release|x64.Build.0 = Release|x64
		{B94EB3BC-7E89-4D44-911C-6CA0393CC927}.Debug|x64.ActiveCfg = Debug|x64
		{B94EB3BC-7E89-4D44-911C-6CA0393CC927}.Debug|x64.Build.0 = Debug|x64
		{B94EB3BC-7E89-4D44-911C-6CA0393CC927}.Release|x64.ActiveCfg = Release|x64
		{B94EB3BC-7E89-4D44-911C-6CA0393CC927}.Release|x64.Build.0 = Release|x64
	EndGlobalSection
	GlobalSection(SolutionProperties) = preSolution
		HideSolutionNode = FALSE
	EndGlobalSection
	GlobalSection(ExtensibilityGlobals) = postSolution
		SolutionGuid = {CE668A8A-BD43-40BE-8D6E-138BB1C83FF9}
	EndGlobalSection
EndGlobal
