
Microsoft Visual Studio Solution File, Format Version 12.00
# Visual Studio Version 17
VisualStudioVersion = 17.9.34723.18
MinimumVisualStudioVersion = 10.0.40219.1
Project("{9A19103F-16F7-4668-BE54-9A1E7A4F7556}") = "VsLocalizedIntellisense.Diff", "VsLocalizedIntellisense.Diff\VsLocalizedIntellisense.Diff.csproj", "{C9B3C1DD-04E7-486F-92F4-8AA284E4B706}"
EndProject
Project("{9A19103F-16F7-4668-BE54-9A1E7A4F7556}") = "VsLocalizedIntellisense.Diff.Test", "VsLocalizedIntellisense.Diff.Test\VsLocalizedIntellisense.Diff.Test.csproj", "{F2411145-740B-4C44-ACCA-26F6D339F952}"
EndProject
Global
	GlobalSection(SolutionConfigurationPlatforms) = preSolution
		Debug|x64 = Debug|x64
		Release|x64 = Release|x64
	EndGlobalSection
	GlobalSection(ProjectConfigurationPlatforms) = postSolution
		{C9B3C1DD-04E7-486F-92F4-8AA284E4B706}.Debug|x64.ActiveCfg = Debug|x64
		{C9B3C1DD-04E7-486F-92F4-8AA284E4B706}.Debug|x64.Build.0 = Debug|x64
		{C9B3C1DD-04E7-486F-92F4-8AA284E4B706}.Release|x64.ActiveCfg = Release|x64
		{C9B3C1DD-04E7-486F-92F4-8AA284E4B706}.Release|x64.Build.0 = Release|x64
		{F2411145-740B-4C44-ACCA-26F6D339F952}.Debug|x64.ActiveCfg = Debug|x64
		{F2411145-740B-4C44-ACCA-26F6D339F952}.Debug|x64.Build.0 = Debug|x64
		{F2411145-740B-4C44-ACCA-26F6D339F952}.Release|x64.ActiveCfg = Release|x64
		{F2411145-740B-4C44-ACCA-26F6D339F952}.Release|x64.Build.0 = Release|x64
	EndGlobalSection
	GlobalSection(SolutionProperties) = preSolution
		HideSolutionNode = FALSE
	EndGlobalSection
	GlobalSection(ExtensibilityGlobals) = postSolution
		SolutionGuid = {7C9F6242-0CEE-4CE6-988C-BA7E9B8D3BCE}
	EndGlobalSection
EndGlobal
